
Microsoft Visual Studio Solution File, Format Version 12.00
# Visual Studio Version 17
VisualStudioVersion = 17.11.35312.102
MinimumVisualStudioVersion = 10.0.40219.1
Project("{FAE04EC0-301F-11D3-BF4B-00C04F79EFBC}") = "CppMkr1", "CppMkr1\CppMkr1.csproj", "{D2FDE500-57A8-4CC5-AA6E-3ED32875C3F5}"
EndProject
Global
	GlobalSection(SolutionConfigurationPlatforms) = preSolution
		Debug|Any CPU = Debug|Any CPU
		Release|Any CPU = Release|Any CPU
	EndGlobalSection
	GlobalSection(ProjectConfigurationPlatforms) = postSolution
		{D2FDE500-57A8-4CC5-AA6E-3ED32875C3F5}.Debug|Any CPU.ActiveCfg = Debug|Any CPU
		{D2FDE500-57A8-4CC5-AA6E-3ED32875C3F5}.Debug|Any CPU.Build.0 = Debug|Any CPU
		{D2FDE500-57A8-4CC5-AA6E-3ED32875C3F5}.Release|Any CPU.ActiveCfg = Release|Any CPU
		{D2FDE500-57A8-4CC5-AA6E-3ED32875C3F5}.Release|Any CPU.Build.0 = Release|Any CPU
	EndGlobalSection
	GlobalSection(SolutionProperties) = preSolution
		HideSolutionNode = FALSE
	EndGlobalSection
	GlobalSection(ExtensibilityGlobals) = postSolution
		SolutionGuid = {5D1D887C-62AC-487B-AEE9-155C1B524C01}
	EndGlobalSection
EndGlobal
